
Microsoft Visual Studio Solution File, Format Version 12.00
# Visual Studio 14
VisualStudioVersion = 14.0.25420.1
MinimumVisualStudioVersion = 10.0.40219.1
Project("{FAE04EC0-301F-11D3-BF4B-00C04F79EFBC}") = "WpfApplication1", "WpfApplication1\WpfApplication1.csproj", "{66616DD8-5CE6-46A2-AB14-903E61603942}"
	ProjectSection(ProjectDependencies) = postProject
		{0DE1B436-226F-444C-B1A4-AB316C576F58} = {0DE1B436-226F-444C-B1A4-AB316C576F58}
		{06D7D746-1601-4199-9087-9A0EFE8ED58E} = {06D7D746-1601-4199-9087-9A0EFE8ED58E}
	EndProjectSection
EndProject
Project("{FAE04EC0-301F-11D3-BF4B-00C04F79EFBC}") = "BusinessLogic", "BusinessLogic\BusinessLogic.csproj", "{06D7D746-1601-4199-9087-9A0EFE8ED58E}"
	ProjectSection(ProjectDependencies) = postProject
		{0DE1B436-226F-444C-B1A4-AB316C576F58} = {0DE1B436-226F-444C-B1A4-AB316C576F58}
		{B72920B6-69C1-4321-88ED-43E38D318DB2} = {B72920B6-69C1-4321-88ED-43E38D318DB2}
	EndProjectSection
EndProject
Project("{FAE04EC0-301F-11D3-BF4B-00C04F79EFBC}") = "DataAccess", "DataAccess\DataAccess.csproj", "{B72920B6-69C1-4321-88ED-43E38D318DB2}"
	ProjectSection(ProjectDependencies) = postProject
		{0DE1B436-226F-444C-B1A4-AB316C576F58} = {0DE1B436-226F-444C-B1A4-AB316C576F58}
	EndProjectSection
EndProject
Project("{FAE04EC0-301F-11D3-BF4B-00C04F79EFBC}") = "CommonTypes", "CommonTypes\CommonTypes.csproj", "{0DE1B436-226F-444C-B1A4-AB316C576F58}"
EndProject
Global
	GlobalSection(SolutionConfigurationPlatforms) = preSolution
		Debug|Any CPU = Debug|Any CPU
		Release|Any CPU = Release|Any CPU
	EndGlobalSection
	GlobalSection(ProjectConfigurationPlatforms) = postSolution
		{66616DD8-5CE6-46A2-AB14-903E61603942}.Debug|Any CPU.ActiveCfg = Debug|Any CPU
		{66616DD8-5CE6-46A2-AB14-903E61603942}.Debug|Any CPU.Build.0 = Debug|Any CPU
		{66616DD8-5CE6-46A2-AB14-903E61603942}.Release|Any CPU.ActiveCfg = Release|Any CPU
		{66616DD8-5CE6-46A2-AB14-903E61603942}.Release|Any CPU.Build.0 = Release|Any CPU
		{06D7D746-1601-4199-9087-9A0EFE8ED58E}.Debug|Any CPU.ActiveCfg = Debug|Any CPU
		{06D7D746-1601-4199-9087-9A0EFE8ED58E}.Debug|Any CPU.Build.0 = Debug|Any CPU
		{06D7D746-1601-4199-9087-9A0EFE8ED58E}.Release|Any CPU.ActiveCfg = Release|Any CPU
		{06D7D746-1601-4199-9087-9A0EFE8ED58E}.Release|Any CPU.Build.0 = Release|Any CPU
		{B72920B6-69C1-4321-88ED-43E38D318DB2}.Debug|Any CPU.ActiveCfg = Debug|Any CPU
		{B72920B6-69C1-4321-88ED-43E38D318DB2}.Debug|Any CPU.Build.0 = Debug|Any CPU
		{B72920B6-69C1-4321-88ED-43E38D318DB2}.Release|Any CPU.ActiveCfg = Release|Any CPU
		{B72920B6-69C1-4321-88ED-43E38D318DB2}.Release|Any CPU.Build.0 = Release|Any CPU
		{0DE1B436-226F-444C-B1A4-AB316C576F58}.Debug|Any CPU.ActiveCfg = Debug|Any CPU
		{0DE1B436-226F-444C-B1A4-AB316C576F58}.Debug|Any CPU.Build.0 = Debug|Any CPU
		{0DE1B436-226F-444C-B1A4-AB316C576F58}.Release|Any CPU.ActiveCfg = Release|Any CPU
		{0DE1B436-226F-444C-B1A4-AB316C576F58}.Release|Any CPU.Build.0 = Release|Any CPU
	EndGlobalSection
	GlobalSection(SolutionProperties) = preSolution
		HideSolutionNode = FALSE
	EndGlobalSection
EndGlobal
